
Microsoft Visual Studio Solution File, Format Version 12.00
# Visual Studio 15
VisualStudioVersion = 15.0.28010.2036
MinimumVisualStudioVersion = 10.0.40219.1
Project("{FAE04EC0-301F-11D3-BF4B-00C04F79EFBC}") = "Calculate", "Calculate\Calculate.csproj", "{EC3CC068-B249-4A5C-80BC-6D960CE6EE04}"
EndProject
Global
	GlobalSection(SolutionConfigurationPlatforms) = preSolution
		Debug|Any CPU = Debug|Any CPU
		Release|Any CPU = Release|Any CPU
	EndGlobalSection
	GlobalSection(ProjectConfigurationPlatforms) = postSolution
		{EC3CC068-B249-4A5C-80BC-6D960CE6EE04}.Debug|Any CPU.ActiveCfg = Debug|Any CPU
		{EC3CC068-B249-4A5C-80BC-6D960CE6EE04}.Debug|Any CPU.Build.0 = Debug|Any CPU
		{EC3CC068-B249-4A5C-80BC-6D960CE6EE04}.Release|Any CPU.ActiveCfg = Release|Any CPU
		{EC3CC068-B249-4A5C-80BC-6D960CE6EE04}.Release|Any CPU.Build.0 = Release|Any CPU
	EndGlobalSection
	GlobalSection(SolutionProperties) = preSolution
		HideSolutionNode = FALSE
	EndGlobalSection
	GlobalSection(ExtensibilityGlobals) = postSolution
		SolutionGuid = {555E33F9-6370-4950-A5DA-DF479D5B5420}
	EndGlobalSection
EndGlobal
